// !$*UTF8*$!
{
	archiveVersion = 1;
	classes = {
	};
	objectVersion = 60;
	objects = {

/* Begin PBXBuildFile section */
		952F94012D2EC58600F0DE22 /* ComposeApp_iOSApp.swift in Sources */ = {isa = PBXBuildFile; fileRef = 952F94002D2EC58600F0DE22 /* ComposeApp_iOSApp.swift */; };
		952F94032D2EC58600F0DE22 /* ContentView.swift in Sources */ = {isa = PBXBuildFile; fileRef = 952F94022D2EC58600F0DE22 /* ContentView.swift */; };
		952F94052D2EC58700F0DE22 /* Assets.xcassets in Resources */ = {isa = PBXBuildFile; fileRef = 952F94042D2EC58700F0DE22 /* Assets.xcassets */; };
		952F94082D2EC58700F0DE22 /* Preview Assets.xcassets in Resources */ = {isa = PBXBuildFile; fileRef = 952F94072D2EC58700F0DE22 /* Preview Assets.xcassets */; };
		956FA7222D3035A800B70773 /* LibFlui in Frameworks */ = {isa = PBXBuildFile; productRef = 956FA7212D3035A800B70773 /* LibFlui */; };
		956FA7252D305B8A00B70773 /* LibFlui in Frameworks */ = {isa = PBXBuildFile; productRef = 956FA7242D305B8A00B70773 /* LibFlui */; };
/* End PBXBuildFile section */

/* Begin PBXFileReference section */
		952F93FD2D2EC58600F0DE22 /* ComposeApp-iOS.app */ = {isa = PBXFileReference; explicitFileType = wrapper.application; includeInIndex = 0; path = "ComposeApp-iOS.app"; sourceTree = BUILT_PRODUCTS_DIR; };
		952F94002D2EC58600F0DE22 /* ComposeApp_iOSApp.swift */ = {isa = PBXFileReference; lastKnownFileType = sourcecode.swift; path = ComposeApp_iOSApp.swift; sourceTree = "<group>"; };
		952F94022D2EC58600F0DE22 /* ContentView.swift */ = {isa = PBXFileReference; lastKnownFileType = sourcecode.swift; path = ContentView.swift; sourceTree = "<group>"; };
		952F94042D2EC58700F0DE22 /* Assets.xcassets */ = {isa = PBXFileReference; lastKnownFileType = folder.assetcatalog; path = Assets.xcassets; sourceTree = "<group>"; };
		952F94072D2EC58700F0DE22 /* Preview Assets.xcassets */ = {isa = PBXFileReference; lastKnownFileType = folder.assetcatalog; path = "Preview Assets.xcassets"; sourceTree = "<group>"; };
		956FA7162D2F058E00B70773 /* Info.plist */ = {isa = PBXFileReference; lastKnownFileType = text.plist; path = Info.plist; sourceTree = "<group>"; };
/* End PBXFileReference section */

/* Begin PBXFrameworksBuildPhase section */
		952F93FA2D2EC58600F0DE22 /* Frameworks */ = {
			isa = PBXFrameworksBuildPhase;
			buildActionMask = 2147483647;
			files = (
				956FA7252D305B8A00B70773 /* LibFlui in Frameworks */,
				956FA7222D3035A800B70773 /* LibFlui in Frameworks */,
			);
			runOnlyForDeploymentPostprocessing = 0;
		};
/* End PBXFrameworksBuildPhase section */

/* Begin PBXGroup section */
		952F93F42D2EC58600F0DE22 = {
			isa = PBXGroup;
			children = (
				952F93FF2D2EC58600F0DE22 /* ComposeApp-iOS */,
				952F93FE2D2EC58600F0DE22 /* Products */,
				952F94162D2ECD3900F0DE22 /* Frameworks */,
			);
			sourceTree = "<group>";
		};
		952F93FE2D2EC58600F0DE22 /* Products */ = {
			isa = PBXGroup;
			children = (
				952F93FD2D2EC58600F0DE22 /* ComposeApp-iOS.app */,
			);
			name = Products;
			sourceTree = "<group>";
		};
		952F93FF2D2EC58600F0DE22 /* ComposeApp-iOS */ = {
			isa = PBXGroup;
			children = (
				956FA7162D2F058E00B70773 /* Info.plist */,
				952F94002D2EC58600F0DE22 /* ComposeApp_iOSApp.swift */,
				952F94022D2EC58600F0DE22 /* ContentView.swift */,
				952F94042D2EC58700F0DE22 /* Assets.xcassets */,
				952F94062D2EC58700F0DE22 /* Preview Content */,
			);
			path = "ComposeApp-iOS";
			sourceTree = "<group>";
		};
		952F94062D2EC58700F0DE22 /* Preview Content */ = {
			isa = PBXGroup;
			children = (
				952F94072D2EC58700F0DE22 /* Preview Assets.xcassets */,
			);
			path = "Preview Content";
			sourceTree = "<group>";
		};
		952F94162D2ECD3900F0DE22 /* Frameworks */ = {
			isa = PBXGroup;
			children = (
			);
			name = Frameworks;
			sourceTree = "<group>";
		};
/* End PBXGroup section */

/* Begin PBXNativeTarget section */
		952F93FC2D2EC58600F0DE22 /* ComposeApp-iOS */ = {
			isa = PBXNativeTarget;
			buildConfigurationList = 952F940B2D2EC58700F0DE22 /* Build configuration list for PBXNativeTarget "ComposeApp-iOS" */;
			buildPhases = (
				952F93F92D2EC58600F0DE22 /* Sources */,
				952F93FA2D2EC58600F0DE22 /* Frameworks */,
				952F93FB2D2EC58600F0DE22 /* Resources */,
			);
			buildRules = (
			);
			dependencies = (
			);
			name = "ComposeApp-iOS";
			packageProductDependencies = (
				956FA7212D3035A800B70773 /* LibFlui */,
				956FA7242D305B8A00B70773 /* LibFlui */,
			);
			productName = "ComposeApp-iOS";
			productReference = 952F93FD2D2EC58600F0DE22 /* ComposeApp-iOS.app */;
			productType = "com.apple.product-type.application";
		};
/* End PBXNativeTarget section */

/* Begin PBXProject section */
		952F93F52D2EC58600F0DE22 /* Project object */ = {
			isa = PBXProject;
			attributes = {
				BuildIndependentTargetsInParallel = 1;
				LastSwiftUpdateCheck = 1520;
				LastUpgradeCheck = 1520;
				TargetAttributes = {
					952F93FC2D2EC58600F0DE22 = {
						CreatedOnToolsVersion = 15.2;
					};
				};
			};
			buildConfigurationList = 952F93F82D2EC58600F0DE22 /* Build configuration list for PBXProject "ComposeApp-iOS" */;
			compatibilityVersion = "Xcode 14.0";
			developmentRegion = en;
			hasScannedForEncodings = 0;
			knownRegions = (
				en,
				Base,
			);
			mainGroup = 952F93F42D2EC58600F0DE22;
			packageReferences = (
				956FA7232D305B8A00B70773 /* XCLocalSwiftPackageReference "../ComposeFlui/flui/swiftpackage" */,
			);
			productRefGroup = 952F93FE2D2EC58600F0DE22 /* Products */;
			projectDirPath = "";
			projectRoot = "";
			targets = (
				952F93FC2D2EC58600F0DE22 /* ComposeApp-iOS */,
			);
		};
/* End PBXProject section */

/* Begin PBXResourcesBuildPhase section */
		952F93FB2D2EC58600F0DE22 /* Resources */ = {
			isa = PBXResourcesBuildPhase;
			buildActionMask = 2147483647;
			files = (
				952F94082D2EC58700F0DE22 /* Preview Assets.xcassets in Resources */,
				952F94052D2EC58700F0DE22 /* Assets.xcassets in Resources */,
			);
			runOnlyForDeploymentPostprocessing = 0;
		};
/* End PBXResourcesBuildPhase section */

/* Begin PBXSourcesBuildPhase section */
		952F93F92D2EC58600F0DE22 /* Sources */ = {
			isa = PBXSourcesBuildPhase;
			buildActionMask = 2147483647;
			files = (
				952F94032D2EC58600F0DE22 /* ContentView.swift in Sources */,
				952F94012D2EC58600F0DE22 /* ComposeApp_iOSApp.swift in Sources */,
			);
			runOnlyForDeploymentPostprocessing = 0;
		};
/* End PBXSourcesBuildPhase section */

/* Begin XCBuildConfiguration section */
		952F94092D2EC58700F0DE22 /* Debug */ = {
			isa = XCBuildConfiguration;
			buildSettings = {
				ALWAYS_SEARCH_USER_PATHS = NO;
				ASSETCATALOG_COMPILER_GENERATE_SWIFT_ASSET_SYMBOL_EXTENSIONS = YES;
				CLANG_ANALYZER_NONNULL = YES;
				CLANG_ANALYZER_NUMBER_OBJECT_CONVERSION = YES_AGGRESSIVE;
				CLANG_CXX_LANGUAGE_STANDARD = "gnu++20";
				CLANG_ENABLE_MODULES = YES;
				CLANG_ENABLE_OBJC_ARC = YES;
				CLANG_ENABLE_OBJC_WEAK = YES;
				CLANG_WARN_BLOCK_CAPTURE_AUTORELEASING = YES;
				CLANG_WARN_BOOL_CONVERSION = YES;
				CLANG_WARN_COMMA = YES;
				CLANG_WARN_CONSTANT_CONVERSION = YES;
				CLANG_WARN_DEPRECATED_OBJC_IMPLEMENTATIONS = YES;
				CLANG_WARN_DIRECT_OBJC_ISA_USAGE = YES_ERROR;
				CLANG_WARN_DOCUMENTATION_COMMENTS = YES;
				CLANG_WARN_EMPTY_BODY = YES;
				CLANG_WARN_ENUM_CONVERSION = YES;
				CLANG_WARN_INFINITE_RECURSION = YES;
				CLANG_WARN_INT_CONVERSION = YES;
				CLANG_WARN_NON_LITERAL_NULL_CONVERSION = YES;
				CLANG_WARN_OBJC_IMPLICIT_RETAIN_SELF = YES;
				CLANG_WARN_OBJC_LITERAL_CONVERSION = YES;
				CLANG_WARN_OBJC_ROOT_CLASS = YES_ERROR;
				CLANG_WARN_QUOTED_INCLUDE_IN_FRAMEWORK_HEADER = YES;
				CLANG_WARN_RANGE_LOOP_ANALYSIS = YES;
				CLANG_WARN_STRICT_PROTOTYPES = YES;
				CLANG_WARN_SUSPICIOUS_MOVE = YES;
				CLANG_WARN_UNGUARDED_AVAILABILITY = YES_AGGRESSIVE;
				CLANG_WARN_UNREACHABLE_CODE = YES;
				CLANG_WARN__DUPLICATE_METHOD_MATCH = YES;
				COPY_PHASE_STRIP = NO;
				DEBUG_INFORMATION_FORMAT = dwarf;
				ENABLE_STRICT_OBJC_MSGSEND = YES;
				ENABLE_TESTABILITY = YES;
				ENABLE_USER_SCRIPT_SANDBOXING = YES;
				GCC_C_LANGUAGE_STANDARD = gnu17;
				GCC_DYNAMIC_NO_PIC = NO;
				GCC_NO_COMMON_BLOCKS = YES;
				GCC_OPTIMIZATION_LEVEL = 0;
				GCC_PREPROCESSOR_DEFINITIONS = (
					"DEBUG=1",
					"$(inherited)",
				);
				GCC_WARN_64_TO_32_BIT_CONVERSION = YES;
				GCC_WARN_ABOUT_RETURN_TYPE = YES_ERROR;
				GCC_WARN_UNDECLARED_SELECTOR = YES;
				GCC_WARN_UNINITIALIZED_AUTOS = YES_AGGRESSIVE;
				GCC_WARN_UNUSED_FUNCTION = YES;
				GCC_WARN_UNUSED_VARIABLE = YES;
				IPHONEOS_DEPLOYMENT_TARGET = 17.2;
				LOCALIZATION_PREFERS_STRING_CATALOGS = YES;
				MTL_ENABLE_DEBUG_INFO = INCLUDE_SOURCE;
				MTL_FAST_MATH = YES;
				ONLY_ACTIVE_ARCH = YES;
				SDKROOT = iphoneos;
				SWIFT_ACTIVE_COMPILATION_CONDITIONS = "DEBUG $(inherited)";
				SWIFT_OPTIMIZATION_LEVEL = "-Onone";
			};
			name = Debug;
		};
		952F940A2D2EC58700F0DE22 /* Release */ = {
			isa = XCBuildConfiguration;
			buildSettings = {
				ALWAYS_SEARCH_USER_PATHS = NO;
				ASSETCATALOG_COMPILER_GENERATE_SWIFT_ASSET_SYMBOL_EXTENSIONS = YES;
				CLANG_ANALYZER_NONNULL = YES;
				CLANG_ANALYZER_NUMBER_OBJECT_CONVERSION = YES_AGGRESSIVE;
				CLANG_CXX_LANGUAGE_STANDARD = "gnu++20";
				CLANG_ENABLE_MODULES = YES;
				CLANG_ENABLE_OBJC_ARC = YES;
				CLANG_ENABLE_OBJC_WEAK = YES;
				CLANG_WARN_BLOCK_CAPTURE_AUTORELEASING = YES;
				CLANG_WARN_BOOL_CONVERSION = YES;
				CLANG_WARN_COMMA = YES;
				CLANG_WARN_CONSTANT_CONVERSION = YES;
				CLANG_WARN_DEPRECATED_OBJC_IMPLEMENTATIONS = YES;
				CLANG_WARN_DIRECT_OBJC_ISA_USAGE = YES_ERROR;
				CLANG_WARN_DOCUMENTATION_COMMENTS = YES;
				CLANG_WARN_EMPTY_BODY = YES;
				CLANG_WARN_ENUM_CONVERSION = YES;
				CLANG_WARN_INFINITE_RECURSION = YES;
				CLANG_WARN_INT_CONVERSION = YES;
				CLANG_WARN_NON_LITERAL_NULL_CONVERSION = YES;
				CLANG_WARN_OBJC_IMPLICIT_RETAIN_SELF = YES;
				CLANG_WARN_OBJC_LITERAL_CONVERSION = YES;
				CLANG_WARN_OBJC_ROOT_CLASS = YES_ERROR;
				CLANG_WARN_QUOTED_INCLUDE_IN_FRAMEWORK_HEADER = YES;
				CLANG_WARN_RANGE_LOOP_ANALYSIS = YES;
				CLANG_WARN_STRICT_PROTOTYPES = YES;
				CLANG_WARN_SUSPICIOUS_MOVE = YES;
				CLANG_WARN_UNGUARDED_AVAILABILITY = YES_AGGRESSIVE;
				CLANG_WARN_UNREACHABLE_CODE = YES;
				CLANG_WARN__DUPLICATE_METHOD_MATCH = YES;
				COPY_PHASE_STRIP = NO;
				DEBUG_INFORMATION_FORMAT = "dwarf-with-dsym";
				ENABLE_NS_ASSERTIONS = NO;
				ENABLE_STRICT_OBJC_MSGSEND = YES;
				ENABLE_USER_SCRIPT_SANDBOXING = YES;
				GCC_C_LANGUAGE_STANDARD = gnu17;
				GCC_NO_COMMON_BLOCKS = YES;
				GCC_WARN_64_TO_32_BIT_CONVERSION = YES;
				GCC_WARN_ABOUT_RETURN_TYPE = YES_ERROR;
				GCC_WARN_UNDECLARED_SELECTOR = YES;
				GCC_WARN_UNINITIALIZED_AUTOS = YES_AGGRESSIVE;
				GCC_WARN_UNUSED_FUNCTION = YES;
				GCC_WARN_UNUSED_VARIABLE = YES;
				IPHONEOS_DEPLOYMENT_TARGET = 17.2;
				LOCALIZATION_PREFERS_STRING_CATALOGS = YES;
				MTL_ENABLE_DEBUG_INFO = NO;
				MTL_FAST_MATH = YES;
				SDKROOT = iphoneos;
				SWIFT_COMPILATION_MODE = wholemodule;
				VALIDATE_PRODUCT = YES;
			};
			name = Release;
		};
		952F940C2D2EC58700F0DE22 /* Debug */ = {
			isa = XCBuildConfiguration;
			buildSettings = {
				ASSETCATALOG_COMPILER_APPICON_NAME = AppIcon;
				ASSETCATALOG_COMPILER_GLOBAL_ACCENT_COLOR_NAME = AccentColor;
				CODE_SIGN_STYLE = Automatic;
				CURRENT_PROJECT_VERSION = 1;
				DEVELOPMENT_ASSET_PATHS = "\"ComposeApp-iOS/Preview Content\"";
				DEVELOPMENT_TEAM = 24XM7WK3VJ;
				ENABLE_PREVIEWS = YES;
				GENERATE_INFOPLIST_FILE = YES;
				INFOPLIST_FILE = "ComposeApp-iOS/Info.plist";
				INFOPLIST_KEY_UIApplicationSceneManifest_Generation = YES;
				INFOPLIST_KEY_UIApplicationSupportsIndirectInputEvents = YES;
				INFOPLIST_KEY_UILaunchScreen_Generation = YES;
				INFOPLIST_KEY_UISupportedInterfaceOrientations_iPad = "UIInterfaceOrientationPortrait UIInterfaceOrientationPortraitUpsideDown UIInterfaceOrientationLandscapeLeft UIInterfaceOrientationLandscapeRight";
				INFOPLIST_KEY_UISupportedInterfaceOrientations_iPhone = "UIInterfaceOrientationPortrait UIInterfaceOrientationLandscapeLeft UIInterfaceOrientationLandscapeRight";
				LD_RUNPATH_SEARCH_PATHS = (
					"$(inherited)",
					"@executable_path/Frameworks",
				);
				MARKETING_VERSION = 1.0;
				PRODUCT_BUNDLE_IDENTIFIER = "distein.ComposeApp-iOS";
				PRODUCT_NAME = "$(TARGET_NAME)";
				SWIFT_EMIT_LOC_STRINGS = YES;
				SWIFT_VERSION = 5.0;
				TARGETED_DEVICE_FAMILY = "1,2";
			};
			name = Debug;
		};
		952F940D2D2EC58700F0DE22 /* Release */ = {
			isa = XCBuildConfiguration;
			buildSettings = {
				ASSETCATALOG_COMPILER_APPICON_NAME = AppIcon;
				ASSETCATALOG_COMPILER_GLOBAL_ACCENT_COLOR_NAME = AccentColor;
				CODE_SIGN_STYLE = Automatic;
				CURRENT_PROJECT_VERSION = 1;
				DEVELOPMENT_ASSET_PATHS = "\"ComposeApp-iOS/Preview Content\"";
				DEVELOPMENT_TEAM = 24XM7WK3VJ;
				ENABLE_PREVIEWS = YES;
				GENERATE_INFOPLIST_FILE = YES;
				INFOPLIST_FILE = "ComposeApp-iOS/Info.plist";
				INFOPLIST_KEY_UIApplicationSceneManifest_Generation = YES;
				INFOPLIST_KEY_UIApplicationSupportsIndirectInputEvents = YES;
				INFOPLIST_KEY_UILaunchScreen_Generation = YES;
				INFOPLIST_KEY_UISupportedInterfaceOrientations_iPad = "UIInterfaceOrientationPortrait UIInterfaceOrientationPortraitUpsideDown UIInterfaceOrientationLandscapeLeft UIInterfaceOrientationLandscapeRight";
				INFOPLIST_KEY_UISupportedInterfaceOrientations_iPhone = "UIInterfaceOrientationPortrait UIInterfaceOrientationLandscapeLeft UIInterfaceOrientationLandscapeRight";
				LD_RUNPATH_SEARCH_PATHS = (
					"$(inherited)",
					"@executable_path/Frameworks",
				);
				MARKETING_VERSION = 1.0;
				PRODUCT_BUNDLE_IDENTIFIER = "distein.ComposeApp-iOS";
				PRODUCT_NAME = "$(TARGET_NAME)";
				SWIFT_EMIT_LOC_STRINGS = YES;
				SWIFT_VERSION = 5.0;
				TARGETED_DEVICE_FAMILY = "1,2";
			};
			name = Release;
		};
/* End XCBuildConfiguration section */

/* Begin XCConfigurationList section */
		952F93F82D2EC58600F0DE22 /* Build configuration list for PBXProject "ComposeApp-iOS" */ = {
			isa = XCConfigurationList;
			buildConfigurations = (
				952F94092D2EC58700F0DE22 /* Debug */,
				952F940A2D2EC58700F0DE22 /* Release */,
			);
			defaultConfigurationIsVisible = 0;
			defaultConfigurationName = Release;
		};
		952F940B2D2EC58700F0DE22 /* Build configuration list for PBXNativeTarget "ComposeApp-iOS" */ = {
			isa = XCConfigurationList;
			buildConfigurations = (
				952F940C2D2EC58700F0DE22 /* Debug */,
				952F940D2D2EC58700F0DE22 /* Release */,
			);
			defaultConfigurationIsVisible = 0;
			defaultConfigurationName = Release;
		};
/* End XCConfigurationList section */

/* Begin XCLocalSwiftPackageReference section */
		956FA7232D305B8A00B70773 /* XCLocalSwiftPackageReference "../ComposeFlui/flui/swiftpackage" */ = {
			isa = XCLocalSwiftPackageReference;
			relativePath = ../ComposeFlui/flui/swiftpackage;
		};
/* End XCLocalSwiftPackageReference section */

/* Begin XCSwiftPackageProductDependency section */
		956FA7212D3035A800B70773 /* LibFlui */ = {
			isa = XCSwiftPackageProductDependency;
			productName = LibFlui;
		};
		956FA7242D305B8A00B70773 /* LibFlui */ = {
			isa = XCSwiftPackageProductDependency;
			productName = LibFlui;
		};
/* End XCSwiftPackageProductDependency section */
	};
	rootObject = 952F93F52D2EC58600F0DE22 /* Project object */;
}
